// !$*UTF8*$!
{
	archiveVersion = 1;
	classes = {
	};
	objectVersion = 56;
	objects = {

/* Begin PBXBuildFile section */
		084EC5C22C249E4300BA9FC3 /* ExtractionViewController.swift in Sources */ = {isa = PBXBuildFile; fileRef = 084EC5C12C249E4300BA9FC3 /* ExtractionViewController.swift */; };
		084EC5C62C24AC9900BA9FC3 /* UIView.swift in Sources */ = {isa = PBXBuildFile; fileRef = 084EC5C52C24AC9900BA9FC3 /* UIView.swift */; };
		086438162C21FB63007A428E /* SharingViewController.swift in Sources */ = {isa = PBXBuildFile; fileRef = 086438152C21FB63007A428E /* SharingViewController.swift */; };
		08C137952C21229E0010AD75 /* SnapKit in Frameworks */ = {isa = PBXBuildFile; productRef = 08C137942C21229E0010AD75 /* SnapKit */; };
		08C1379D2C2181260010AD75 /* UIColor+.swift in Sources */ = {isa = PBXBuildFile; fileRef = 08C1379C2C2181260010AD75 /* UIColor+.swift */; };
		08DBE6612C1C23B1000593D5 /* AppDelegate.swift in Sources */ = {isa = PBXBuildFile; fileRef = 08DBE6602C1C23B1000593D5 /* AppDelegate.swift */; };
		08DBE6632C1C23B1000593D5 /* SceneDelegate.swift in Sources */ = {isa = PBXBuildFile; fileRef = 08DBE6622C1C23B1000593D5 /* SceneDelegate.swift */; };
		08DBE6652C1C23B1000593D5 /* FrameSelectionViewController.swift in Sources */ = {isa = PBXBuildFile; fileRef = 08DBE6642C1C23B1000593D5 /* FrameSelectionViewController.swift */; };
		08DBE66A2C1C23B2000593D5 /* Assets.xcassets in Resources */ = {isa = PBXBuildFile; fileRef = 08DBE6692C1C23B2000593D5 /* Assets.xcassets */; };
		08DBE66D2C1C23B2000593D5 /* Base in Resources */ = {isa = PBXBuildFile; fileRef = 08DBE66C2C1C23B2000593D5 /* Base */; };
		08DBE6782C1C23B3000593D5 /* LiveFourCutTests.swift in Sources */ = {isa = PBXBuildFile; fileRef = 08DBE6772C1C23B3000593D5 /* LiveFourCutTests.swift */; };
		08DBE6822C1C23B3000593D5 /* LiveFourCutUITests.swift in Sources */ = {isa = PBXBuildFile; fileRef = 08DBE6812C1C23B3000593D5 /* LiveFourCutUITests.swift */; };
		08DBE6842C1C23B3000593D5 /* LiveFourCutUITestsLaunchTests.swift in Sources */ = {isa = PBXBuildFile; fileRef = 08DBE6832C1C23B3000593D5 /* LiveFourCutUITestsLaunchTests.swift */; };
		630779FA2C24516B00C4017A /* PhotoSelectionViewModel.swift in Sources */ = {isa = PBXBuildFile; fileRef = 630779F92C24516B00C4017A /* PhotoSelectionViewModel.swift */; };
		630779FC2C24530A00C4017A /* UINavigationController+.swift in Sources */ = {isa = PBXBuildFile; fileRef = 630779FB2C24530A00C4017A /* UINavigationController+.swift */; };
		630779FF2C2453CF00C4017A /* AVAssetContainer.swift in Sources */ = {isa = PBXBuildFile; fileRef = 630779FE2C2453CF00C4017A /* AVAssetContainer.swift */; };
		63077A052C245BD100C4017A /* FourCutPreViewController.swift in Sources */ = {isa = PBXBuildFile; fileRef = 63077A042C245BD100C4017A /* FourCutPreViewController.swift */; };
		63077A072C245C6900C4017A /* PreFourFrameView.swift in Sources */ = {isa = PBXBuildFile; fileRef = 63077A062C245C6900C4017A /* PreFourFrameView.swift */; };
		63077A0E2C247D2200C4017A /* PreCardView.swift in Sources */ = {isa = PBXBuildFile; fileRef = 63077A0D2C247D2200C4017A /* PreCardView.swift */; };
		633EB1192C22B886006F89E7 /* ThumbnailSelectorVM.swift in Sources */ = {isa = PBXBuildFile; fileRef = 633EB1182C22B886006F89E7 /* ThumbnailSelectorVM.swift */; };
		633EB11B2C22B8D7006F89E7 /* ImageContainer.swift in Sources */ = {isa = PBXBuildFile; fileRef = 633EB11A2C22B8D7006F89E7 /* ImageContainer.swift */; };
		633EB11D2C22BDE7006F89E7 /* Test>SelectDoneBtn.swift in Sources */ = {isa = PBXBuildFile; fileRef = 633EB11C2C22BDE7006F89E7 /* Test>SelectDoneBtn.swift */; };
		633EB1202C22C087006F89E7 /* PreviewVC.swift in Sources */ = {isa = PBXBuildFile; fileRef = 633EB11F2C22C087006F89E7 /* PreviewVC.swift */; };
		633EB1222C22C3DD006F89E7 /* Test>FrameCardView.swift in Sources */ = {isa = PBXBuildFile; fileRef = 633EB1212C22C3DD006F89E7 /* Test>FrameCardView.swift */; };
		633EB1242C22F091006F89E7 /* Test>BottomProgress.swift in Sources */ = {isa = PBXBuildFile; fileRef = 633EB1232C22F091006F89E7 /* Test>BottomProgress.swift */; };
		6345EE292C21271E0076CE33 /* AsyncSequence.swift in Sources */ = {isa = PBXBuildFile; fileRef = 6345EE282C21271E0076CE33 /* AsyncSequence.swift */; };
		636510C42C2D229F00B2A2E9 /* VideoFrameDividerScene.swift in Sources */ = {isa = PBXBuildFile; fileRef = 636510C32C2D229F00B2A2E9 /* VideoFrameDividerScene.swift */; };
		638F14D92C23DA7900CD3F2E /* PhotoSelectionViewController.swift in Sources */ = {isa = PBXBuildFile; fileRef = 638F14D82C23DA7900CD3F2E /* PhotoSelectionViewController.swift */; };
		638F14DD2C23DAD900CD3F2E /* ThumbnailFourFrameView.swift in Sources */ = {isa = PBXBuildFile; fileRef = 638F14DC2C23DAD900CD3F2E /* ThumbnailFourFrameView.swift */; };
		638F14E12C23DC1C00CD3F2E /* SelectDoneButton.swift in Sources */ = {isa = PBXBuildFile; fileRef = 638F14E02C23DC1C00CD3F2E /* SelectDoneButton.swift */; };
		638F14E52C23DCE800CD3F2E /* ReselectButton.swift in Sources */ = {isa = PBXBuildFile; fileRef = 638F14E42C23DCE800CD3F2E /* ReselectButton.swift */; };
		63B68F7B2C35932A0047D610 /* FrameService.swift in Sources */ = {isa = PBXBuildFile; fileRef = 63B68F7A2C35932A0047D610 /* FrameService.swift */; };
		63B869F32C22690800577592 /* Test>ThumbnailSelectorView.swift in Sources */ = {isa = PBXBuildFile; fileRef = 63B869F22C22690800577592 /* Test>ThumbnailSelectorView.swift */; };
		63C9F9102C3598DB00451694 /* ThumbnailSelectorView.swift in Sources */ = {isa = PBXBuildFile; fileRef = 63C9F90F2C3598DB00451694 /* ThumbnailSelectorView.swift */; };
		63DB9D442C21D8740047DED0 /* Test>PhotoSelectorVC.swift in Sources */ = {isa = PBXBuildFile; fileRef = 63DB9D432C21D8740047DED0 /* Test>PhotoSelectorVC.swift */; };
		63DB9D482C21D8E50047DED0 /* Test>ThumbnailFourFrameView.swift in Sources */ = {isa = PBXBuildFile; fileRef = 63DB9D472C21D8E50047DED0 /* Test>ThumbnailFourFrameView.swift */; };
		63DB9D4C2C21ECCB0047DED0 /* Test>FrameSelectorVC.swift in Sources */ = {isa = PBXBuildFile; fileRef = 63DB9D4B2C21ECCB0047DED0 /* Test>FrameSelectorVC.swift */; };
		63DB9D502C21ED9A0047DED0 /* PHAssetExtensions.swift in Sources */ = {isa = PBXBuildFile; fileRef = 63DB9D4F2C21ED9A0047DED0 /* PHAssetExtensions.swift */; };
		63E30B0B2C38283300374372 /* ThumbnailExecutor.swift in Sources */ = {isa = PBXBuildFile; fileRef = 63E30AFF2C38283300374372 /* ThumbnailExecutor.swift */; };
		63E30B0C2C38283300374372 /* VideoExecutor.swift in Sources */ = {isa = PBXBuildFile; fileRef = 63E30B002C38283300374372 /* VideoExecutor.swift */; };
		63E30B0D2C38283300374372 /* DoneBtn.swift in Sources */ = {isa = PBXBuildFile; fileRef = 63E30B022C38283300374372 /* DoneBtn.swift */; };
		63E30B0E2C38283300374372 /* NavigationBackButton.swift in Sources */ = {isa = PBXBuildFile; fileRef = 63E30B032C38283300374372 /* NavigationBackButton.swift */; };
		63E30B0F2C38283300374372 /* BaseVC.swift in Sources */ = {isa = PBXBuildFile; fileRef = 63E30B052C38283300374372 /* BaseVC.swift */; };
		63E30B102C38283300374372 /* CardView.swift in Sources */ = {isa = PBXBuildFile; fileRef = 63E30B062C38283300374372 /* CardView.swift */; };
		63E30B112C38283300374372 /* FrameView.swift in Sources */ = {isa = PBXBuildFile; fileRef = 63E30B072C38283300374372 /* FrameView.swift */; };
		63E30B122C38283300374372 /* LoadingVC.swift in Sources */ = {isa = PBXBuildFile; fileRef = 63E30B082C38283300374372 /* LoadingVC.swift */; };
		63E30B132C38283300374372 /* VideoCreator.swift in Sources */ = {isa = PBXBuildFile; fileRef = 63E30B092C38283300374372 /* VideoCreator.swift */; };
		63FC26212C357B74007C6703 /* ExtractService.swift in Sources */ = {isa = PBXBuildFile; fileRef = 63FC26202C357B74007C6703 /* ExtractService.swift */; };
		63FC703B2C201C2300F9B3A0 /* TestViewController.swift in Sources */ = {isa = PBXBuildFile; fileRef = 63FC703A2C201C2300F9B3A0 /* TestViewController.swift */; };
		63FC70412C201DD200F9B3A0 /* TestVideoView.swift in Sources */ = {isa = PBXBuildFile; fileRef = 63FC70402C201DD200F9B3A0 /* TestVideoView.swift */; };
		63FC70432C201F1E00F9B3A0 /* LPtoAVService.swift in Sources */ = {isa = PBXBuildFile; fileRef = 63FC70422C201F1E00F9B3A0 /* LPtoAVService.swift */; };
/* End PBXBuildFile section */

/* Begin PBXContainerItemProxy section */
		08DBE6742C1C23B3000593D5 /* PBXContainerItemProxy */ = {
			isa = PBXContainerItemProxy;
			containerPortal = 08DBE6552C1C23B1000593D5 /* Project object */;
			proxyType = 1;
			remoteGlobalIDString = 08DBE65C2C1C23B1000593D5;
			remoteInfo = LiveFourCut;
		};
		08DBE67E2C1C23B3000593D5 /* PBXContainerItemProxy */ = {
			isa = PBXContainerItemProxy;
			containerPortal = 08DBE6552C1C23B1000593D5 /* Project object */;
			proxyType = 1;
			remoteGlobalIDString = 08DBE65C2C1C23B1000593D5;
			remoteInfo = LiveFourCut;
		};
/* End PBXContainerItemProxy section */

/* Begin PBXCopyFilesBuildPhase section */
		084EC5BF2C24968B00BA9FC3 /* Embed Frameworks */ = {
			isa = PBXCopyFilesBuildPhase;
			buildActionMask = 2147483647;
			dstPath = "";
			dstSubfolderSpec = 10;
			files = (
			);
			name = "Embed Frameworks";
			runOnlyForDeploymentPostprocessing = 0;
		};
/* End PBXCopyFilesBuildPhase section */

/* Begin PBXFileReference section */
		084EC5C12C249E4300BA9FC3 /* ExtractionViewController.swift */ = {isa = PBXFileReference; lastKnownFileType = sourcecode.swift; path = ExtractionViewController.swift; sourceTree = "<group>"; };
		084EC5C52C24AC9900BA9FC3 /* UIView.swift */ = {isa = PBXFileReference; lastKnownFileType = sourcecode.swift; path = UIView.swift; sourceTree = "<group>"; };
		086438152C21FB63007A428E /* SharingViewController.swift */ = {isa = PBXFileReference; lastKnownFileType = sourcecode.swift; path = SharingViewController.swift; sourceTree = "<group>"; };
		08C1379C2C2181260010AD75 /* UIColor+.swift */ = {isa = PBXFileReference; lastKnownFileType = sourcecode.swift; path = "UIColor+.swift"; sourceTree = "<group>"; };
		08DBE65D2C1C23B1000593D5 /* LiveFourCut.app */ = {isa = PBXFileReference; explicitFileType = wrapper.application; includeInIndex = 0; path = LiveFourCut.app; sourceTree = BUILT_PRODUCTS_DIR; };
		08DBE6602C1C23B1000593D5 /* AppDelegate.swift */ = {isa = PBXFileReference; lastKnownFileType = sourcecode.swift; path = AppDelegate.swift; sourceTree = "<group>"; };
		08DBE6622C1C23B1000593D5 /* SceneDelegate.swift */ = {isa = PBXFileReference; lastKnownFileType = sourcecode.swift; path = SceneDelegate.swift; sourceTree = "<group>"; };
		08DBE6642C1C23B1000593D5 /* FrameSelectionViewController.swift */ = {isa = PBXFileReference; lastKnownFileType = sourcecode.swift; path = FrameSelectionViewController.swift; sourceTree = "<group>"; };
		08DBE6692C1C23B2000593D5 /* Assets.xcassets */ = {isa = PBXFileReference; lastKnownFileType = folder.assetcatalog; path = Assets.xcassets; sourceTree = "<group>"; };
		08DBE66C2C1C23B2000593D5 /* Base */ = {isa = PBXFileReference; lastKnownFileType = file.storyboard; name = Base; path = Base.lproj/LaunchScreen.storyboard; sourceTree = "<group>"; };
		08DBE66E2C1C23B2000593D5 /* Info.plist */ = {isa = PBXFileReference; lastKnownFileType = text.plist.xml; path = Info.plist; sourceTree = "<group>"; };
		08DBE6732C1C23B3000593D5 /* LiveFourCutTests.xctest */ = {isa = PBXFileReference; explicitFileType = wrapper.cfbundle; includeInIndex = 0; path = LiveFourCutTests.xctest; sourceTree = BUILT_PRODUCTS_DIR; };
		08DBE6772C1C23B3000593D5 /* LiveFourCutTests.swift */ = {isa = PBXFileReference; lastKnownFileType = sourcecode.swift; path = LiveFourCutTests.swift; sourceTree = "<group>"; };
		08DBE67D2C1C23B3000593D5 /* LiveFourCutUITests.xctest */ = {isa = PBXFileReference; explicitFileType = wrapper.cfbundle; includeInIndex = 0; path = LiveFourCutUITests.xctest; sourceTree = BUILT_PRODUCTS_DIR; };
		08DBE6812C1C23B3000593D5 /* LiveFourCutUITests.swift */ = {isa = PBXFileReference; lastKnownFileType = sourcecode.swift; path = LiveFourCutUITests.swift; sourceTree = "<group>"; };
		08DBE6832C1C23B3000593D5 /* LiveFourCutUITestsLaunchTests.swift */ = {isa = PBXFileReference; lastKnownFileType = sourcecode.swift; path = LiveFourCutUITestsLaunchTests.swift; sourceTree = "<group>"; };
		630779F92C24516B00C4017A /* PhotoSelectionViewModel.swift */ = {isa = PBXFileReference; lastKnownFileType = sourcecode.swift; path = PhotoSelectionViewModel.swift; sourceTree = "<group>"; };
		630779FB2C24530A00C4017A /* UINavigationController+.swift */ = {isa = PBXFileReference; lastKnownFileType = sourcecode.swift; path = "UINavigationController+.swift"; sourceTree = "<group>"; };
		630779FE2C2453CF00C4017A /* AVAssetContainer.swift */ = {isa = PBXFileReference; lastKnownFileType = sourcecode.swift; path = AVAssetContainer.swift; sourceTree = "<group>"; };
		63077A042C245BD100C4017A /* FourCutPreViewController.swift */ = {isa = PBXFileReference; lastKnownFileType = sourcecode.swift; path = FourCutPreViewController.swift; sourceTree = "<group>"; };
		63077A062C245C6900C4017A /* PreFourFrameView.swift */ = {isa = PBXFileReference; lastKnownFileType = sourcecode.swift; path = PreFourFrameView.swift; sourceTree = "<group>"; };
		63077A0D2C247D2200C4017A /* PreCardView.swift */ = {isa = PBXFileReference; lastKnownFileType = sourcecode.swift; path = PreCardView.swift; sourceTree = "<group>"; };
		633EB1182C22B886006F89E7 /* ThumbnailSelectorVM.swift */ = {isa = PBXFileReference; lastKnownFileType = sourcecode.swift; path = ThumbnailSelectorVM.swift; sourceTree = "<group>"; };
		633EB11A2C22B8D7006F89E7 /* ImageContainer.swift */ = {isa = PBXFileReference; lastKnownFileType = sourcecode.swift; path = ImageContainer.swift; sourceTree = "<group>"; };
		633EB11C2C22BDE7006F89E7 /* Test>SelectDoneBtn.swift */ = {isa = PBXFileReference; lastKnownFileType = sourcecode.swift; path = "Test>SelectDoneBtn.swift"; sourceTree = "<group>"; };
		633EB11F2C22C087006F89E7 /* PreviewVC.swift */ = {isa = PBXFileReference; lastKnownFileType = sourcecode.swift; path = PreviewVC.swift; sourceTree = "<group>"; };
		633EB1212C22C3DD006F89E7 /* Test>FrameCardView.swift */ = {isa = PBXFileReference; lastKnownFileType = sourcecode.swift; path = "Test>FrameCardView.swift"; sourceTree = "<group>"; };
		633EB1232C22F091006F89E7 /* Test>BottomProgress.swift */ = {isa = PBXFileReference; lastKnownFileType = sourcecode.swift; path = "Test>BottomProgress.swift"; sourceTree = "<group>"; };
		6345EE282C21271E0076CE33 /* AsyncSequence.swift */ = {isa = PBXFileReference; lastKnownFileType = sourcecode.swift; path = AsyncSequence.swift; sourceTree = "<group>"; };
		636510C32C2D229F00B2A2E9 /* VideoFrameDividerScene.swift */ = {isa = PBXFileReference; lastKnownFileType = sourcecode.swift; path = VideoFrameDividerScene.swift; sourceTree = "<group>"; };
		638F14D82C23DA7900CD3F2E /* PhotoSelectionViewController.swift */ = {isa = PBXFileReference; lastKnownFileType = sourcecode.swift; path = PhotoSelectionViewController.swift; sourceTree = "<group>"; };
		638F14DC2C23DAD900CD3F2E /* ThumbnailFourFrameView.swift */ = {isa = PBXFileReference; lastKnownFileType = sourcecode.swift; path = ThumbnailFourFrameView.swift; sourceTree = "<group>"; };
		638F14E02C23DC1C00CD3F2E /* SelectDoneButton.swift */ = {isa = PBXFileReference; lastKnownFileType = sourcecode.swift; path = SelectDoneButton.swift; sourceTree = "<group>"; };
		638F14E42C23DCE800CD3F2E /* ReselectButton.swift */ = {isa = PBXFileReference; lastKnownFileType = sourcecode.swift; path = ReselectButton.swift; sourceTree = "<group>"; };
		63B68F7A2C35932A0047D610 /* FrameService.swift */ = {isa = PBXFileReference; lastKnownFileType = sourcecode.swift; path = FrameService.swift; sourceTree = "<group>"; };
		63B869F22C22690800577592 /* Test>ThumbnailSelectorView.swift */ = {isa = PBXFileReference; lastKnownFileType = sourcecode.swift; path = "Test>ThumbnailSelectorView.swift"; sourceTree = "<group>"; };
		63C9F90F2C3598DB00451694 /* ThumbnailSelectorView.swift */ = {isa = PBXFileReference; fileEncoding = 4; lastKnownFileType = sourcecode.swift; path = ThumbnailSelectorView.swift; sourceTree = "<group>"; };
		63DB9D432C21D8740047DED0 /* Test>PhotoSelectorVC.swift */ = {isa = PBXFileReference; fileEncoding = 4; lastKnownFileType = sourcecode.swift; path = "Test>PhotoSelectorVC.swift"; sourceTree = "<group>"; };
		63DB9D472C21D8E50047DED0 /* Test>ThumbnailFourFrameView.swift */ = {isa = PBXFileReference; lastKnownFileType = sourcecode.swift; path = "Test>ThumbnailFourFrameView.swift"; sourceTree = "<group>"; };
		63DB9D4B2C21ECCB0047DED0 /* Test>FrameSelectorVC.swift */ = {isa = PBXFileReference; lastKnownFileType = sourcecode.swift; path = "Test>FrameSelectorVC.swift"; sourceTree = "<group>"; };
		63DB9D4F2C21ED9A0047DED0 /* PHAssetExtensions.swift */ = {isa = PBXFileReference; lastKnownFileType = sourcecode.swift; path = PHAssetExtensions.swift; sourceTree = "<group>"; };
		63E30AFF2C38283300374372 /* ThumbnailExecutor.swift */ = {isa = PBXFileReference; fileEncoding = 4; lastKnownFileType = sourcecode.swift; path = ThumbnailExecutor.swift; sourceTree = "<group>"; };
		63E30B002C38283300374372 /* VideoExecutor.swift */ = {isa = PBXFileReference; fileEncoding = 4; lastKnownFileType = sourcecode.swift; path = VideoExecutor.swift; sourceTree = "<group>"; };
		63E30B022C38283300374372 /* DoneBtn.swift */ = {isa = PBXFileReference; fileEncoding = 4; lastKnownFileType = sourcecode.swift; path = DoneBtn.swift; sourceTree = "<group>"; };
		63E30B032C38283300374372 /* NavigationBackButton.swift */ = {isa = PBXFileReference; fileEncoding = 4; lastKnownFileType = sourcecode.swift; path = NavigationBackButton.swift; sourceTree = "<group>"; };
		63E30B052C38283300374372 /* BaseVC.swift */ = {isa = PBXFileReference; fileEncoding = 4; lastKnownFileType = sourcecode.swift; path = BaseVC.swift; sourceTree = "<group>"; };
		63E30B062C38283300374372 /* CardView.swift */ = {isa = PBXFileReference; fileEncoding = 4; lastKnownFileType = sourcecode.swift; path = CardView.swift; sourceTree = "<group>"; };
		63E30B072C38283300374372 /* FrameView.swift */ = {isa = PBXFileReference; fileEncoding = 4; lastKnownFileType = sourcecode.swift; path = FrameView.swift; sourceTree = "<group>"; };
		63E30B082C38283300374372 /* LoadingVC.swift */ = {isa = PBXFileReference; fileEncoding = 4; lastKnownFileType = sourcecode.swift; path = LoadingVC.swift; sourceTree = "<group>"; };
		63E30B092C38283300374372 /* VideoCreator.swift */ = {isa = PBXFileReference; fileEncoding = 4; lastKnownFileType = sourcecode.swift; path = VideoCreator.swift; sourceTree = "<group>"; };
		63FC26202C357B74007C6703 /* ExtractService.swift */ = {isa = PBXFileReference; lastKnownFileType = sourcecode.swift; path = ExtractService.swift; sourceTree = "<group>"; };
		63FC703A2C201C2300F9B3A0 /* TestViewController.swift */ = {isa = PBXFileReference; lastKnownFileType = sourcecode.swift; path = TestViewController.swift; sourceTree = "<group>"; };
		63FC70402C201DD200F9B3A0 /* TestVideoView.swift */ = {isa = PBXFileReference; lastKnownFileType = sourcecode.swift; path = TestVideoView.swift; sourceTree = "<group>"; };
		63FC70422C201F1E00F9B3A0 /* LPtoAVService.swift */ = {isa = PBXFileReference; lastKnownFileType = sourcecode.swift; path = LPtoAVService.swift; sourceTree = "<group>"; };
/* End PBXFileReference section */

/* Begin PBXFrameworksBuildPhase section */
		08DBE65A2C1C23B1000593D5 /* Frameworks */ = {
			isa = PBXFrameworksBuildPhase;
			buildActionMask = 2147483647;
			files = (
				08C137952C21229E0010AD75 /* SnapKit in Frameworks */,
			);
			runOnlyForDeploymentPostprocessing = 0;
		};
		08DBE6702C1C23B3000593D5 /* Frameworks */ = {
			isa = PBXFrameworksBuildPhase;
			buildActionMask = 2147483647;
			files = (
			);
			runOnlyForDeploymentPostprocessing = 0;
		};
		08DBE67A2C1C23B3000593D5 /* Frameworks */ = {
			isa = PBXFrameworksBuildPhase;
			buildActionMask = 2147483647;
			files = (
			);
			runOnlyForDeploymentPostprocessing = 0;
		};
/* End PBXFrameworksBuildPhase section */

/* Begin PBXGroup section */
		084EC5C02C249E3200BA9FC3 /* ExtractionScene */ = {
			isa = PBXGroup;
			children = (
				084EC5C12C249E4300BA9FC3 /* ExtractionViewController.swift */,
			);
			path = ExtractionScene;
			sourceTree = "<group>";
		};
		08775DFA2C20210A008D8BA6 /* Helper */ = {
			isa = PBXGroup;
			children = (
				6345EE282C21271E0076CE33 /* AsyncSequence.swift */,
				08C1379B2C21811A0010AD75 /* Extensions */,
			);
			path = Helper;
			sourceTree = "<group>";
		};
		08775DFB2C20210E008D8BA6 /* Views */ = {
			isa = PBXGroup;
			children = (
				63E30B0A2C38283300374372 /* Utils */,
				084EC5C02C249E3200BA9FC3 /* ExtractionScene */,
				63077A032C245BAB00C4017A /* FourCutPreScene */,
				638F14DA2C23DA8700CD3F2E /* FrameSelectionScene */,
				638F14D72C23DA5600CD3F2E /* PhotoSelectionScene */,
				086438152C21FB63007A428E /* SharingViewController.swift */,
			);
			path = Views;
			sourceTree = "<group>";
		};
		08C137902C211D860010AD75 /* Frameworks */ = {
			isa = PBXGroup;
			children = (
			);
			name = Frameworks;
			sourceTree = "<group>";
		};
		08C1379B2C21811A0010AD75 /* Extensions */ = {
			isa = PBXGroup;
			children = (
				08C1379C2C2181260010AD75 /* UIColor+.swift */,
				630779FB2C24530A00C4017A /* UINavigationController+.swift */,
				084EC5C52C24AC9900BA9FC3 /* UIView.swift */,
			);
			path = Extensions;
			sourceTree = "<group>";
		};
		08DBE6542C1C23B1000593D5 = {
			isa = PBXGroup;
			children = (
				08DBE65F2C1C23B1000593D5 /* LiveFourCut */,
				08DBE6762C1C23B3000593D5 /* LiveFourCutTests */,
				08DBE6802C1C23B3000593D5 /* LiveFourCutUITests */,
				08DBE65E2C1C23B1000593D5 /* Products */,
				08C137902C211D860010AD75 /* Frameworks */,
			);
			sourceTree = "<group>";
		};
		08DBE65E2C1C23B1000593D5 /* Products */ = {
			isa = PBXGroup;
			children = (
				08DBE65D2C1C23B1000593D5 /* LiveFourCut.app */,
				08DBE6732C1C23B3000593D5 /* LiveFourCutTests.xctest */,
				08DBE67D2C1C23B3000593D5 /* LiveFourCutUITests.xctest */,
			);
			name = Products;
			sourceTree = "<group>";
		};
		08DBE65F2C1C23B1000593D5 /* LiveFourCut */ = {
			isa = PBXGroup;
			children = (
				630779FD2C24537200C4017A /* Models */,
				630779F82C24515900C4017A /* ViewModels */,
				08775DFB2C20210E008D8BA6 /* Views */,
				08775DFA2C20210A008D8BA6 /* Helper */,
				63FC703F2C201D8600F9B3A0 /* Services */,
				63FC70392C201BF600F9B3A0 /* Test */,
				08DBE6602C1C23B1000593D5 /* AppDelegate.swift */,
				08DBE6622C1C23B1000593D5 /* SceneDelegate.swift */,
				08DBE6692C1C23B2000593D5 /* Assets.xcassets */,
				08DBE66B2C1C23B2000593D5 /* LaunchScreen.storyboard */,
				08DBE66E2C1C23B2000593D5 /* Info.plist */,
			);
			path = LiveFourCut;
			sourceTree = "<group>";
		};
		08DBE6762C1C23B3000593D5 /* LiveFourCutTests */ = {
			isa = PBXGroup;
			children = (
				08DBE6772C1C23B3000593D5 /* LiveFourCutTests.swift */,
			);
			path = LiveFourCutTests;
			sourceTree = "<group>";
		};
		08DBE6802C1C23B3000593D5 /* LiveFourCutUITests */ = {
			isa = PBXGroup;
			children = (
				08DBE6812C1C23B3000593D5 /* LiveFourCutUITests.swift */,
				08DBE6832C1C23B3000593D5 /* LiveFourCutUITestsLaunchTests.swift */,
			);
			path = LiveFourCutUITests;
			sourceTree = "<group>";
		};
		630779F82C24515900C4017A /* ViewModels */ = {
			isa = PBXGroup;
			children = (
				630779F92C24516B00C4017A /* PhotoSelectionViewModel.swift */,
			);
			path = ViewModels;
			sourceTree = "<group>";
		};
		630779FD2C24537200C4017A /* Models */ = {
			isa = PBXGroup;
			children = (
				633EB11A2C22B8D7006F89E7 /* ImageContainer.swift */,
				630779FE2C2453CF00C4017A /* AVAssetContainer.swift */,
			);
			path = Models;
			sourceTree = "<group>";
		};
		63077A032C245BAB00C4017A /* FourCutPreScene */ = {
			isa = PBXGroup;
			children = (
				63077A082C245C7A00C4017A /* ViewComponents */,
				63077A042C245BD100C4017A /* FourCutPreViewController.swift */,
			);
			path = FourCutPreScene;
			sourceTree = "<group>";
		};
		63077A082C245C7A00C4017A /* ViewComponents */ = {
			isa = PBXGroup;
			children = (
				63077A062C245C6900C4017A /* PreFourFrameView.swift */,
				63077A0D2C247D2200C4017A /* PreCardView.swift */,
			);
			path = ViewComponents;
			sourceTree = "<group>";
		};
		633EB11E2C22C07F006F89E7 /* PreviewScene */ = {
			isa = PBXGroup;
			children = (
				633EB11F2C22C087006F89E7 /* PreviewVC.swift */,
			);
			path = PreviewScene;
			sourceTree = "<group>";
		};
		636510C22C2D21F300B2A2E9 /* VideoFrameDividerScene */ = {
			isa = PBXGroup;
			children = (
				636510C32C2D229F00B2A2E9 /* VideoFrameDividerScene.swift */,
			);
			path = VideoFrameDividerScene;
			sourceTree = "<group>";
		};
		638F14D72C23DA5600CD3F2E /* PhotoSelectionScene */ = {
			isa = PBXGroup;
			children = (
				638F14DB2C23DAAF00CD3F2E /* ViewComponents */,
				638F14D82C23DA7900CD3F2E /* PhotoSelectionViewController.swift */,
			);
			path = PhotoSelectionScene;
			sourceTree = "<group>";
		};
		638F14DA2C23DA8700CD3F2E /* FrameSelectionScene */ = {
			isa = PBXGroup;
			children = (
				08DBE6642C1C23B1000593D5 /* FrameSelectionViewController.swift */,
			);
			path = FrameSelectionScene;
			sourceTree = "<group>";
		};
		638F14DB2C23DAAF00CD3F2E /* ViewComponents */ = {
			isa = PBXGroup;
			children = (
				638F14DC2C23DAD900CD3F2E /* ThumbnailFourFrameView.swift */,
				63C9F90F2C3598DB00451694 /* ThumbnailSelectorView.swift */,
				638F14E02C23DC1C00CD3F2E /* SelectDoneButton.swift */,
				638F14E42C23DCE800CD3F2E /* ReselectButton.swift */,
			);
			path = ViewComponents;
			sourceTree = "<group>";
		};
		63DB9D452C21D8B20047DED0 /* PhotoSelectorScene */ = {
			isa = PBXGroup;
			children = (
				633EB1182C22B886006F89E7 /* ThumbnailSelectorVM.swift */,
				63DB9D4B2C21ECCB0047DED0 /* Test>FrameSelectorVC.swift */,
				63DB9D432C21D8740047DED0 /* Test>PhotoSelectorVC.swift */,
				63DB9D462C21D8C10047DED0 /* ViewComponents */,
			);
			path = PhotoSelectorScene;
			sourceTree = "<group>";
		};
		63DB9D462C21D8C10047DED0 /* ViewComponents */ = {
			isa = PBXGroup;
			children = (
				63DB9D472C21D8E50047DED0 /* Test>ThumbnailFourFrameView.swift */,
				633EB1212C22C3DD006F89E7 /* Test>FrameCardView.swift */,
				63B869F22C22690800577592 /* Test>ThumbnailSelectorView.swift */,
				633EB11C2C22BDE7006F89E7 /* Test>SelectDoneBtn.swift */,
				633EB1232C22F091006F89E7 /* Test>BottomProgress.swift */,
			);
			path = ViewComponents;
			sourceTree = "<group>";
		};
		63E30B012C38283300374372 /* Executors */ = {
			isa = PBXGroup;
			children = (
				63E30AFF2C38283300374372 /* ThumbnailExecutor.swift */,
				63E30B002C38283300374372 /* VideoExecutor.swift */,
			);
			path = Executors;
			sourceTree = "<group>";
		};
		63E30B042C38283300374372 /* ViewHelpers */ = {
			isa = PBXGroup;
			children = (
				63E30B022C38283300374372 /* DoneBtn.swift */,
				63E30B032C38283300374372 /* NavigationBackButton.swift */,
			);
			path = ViewHelpers;
			sourceTree = "<group>";
		};
		63E30B0A2C38283300374372 /* Utils */ = {
			isa = PBXGroup;
			children = (
				63E30B012C38283300374372 /* Executors */,
				63E30B042C38283300374372 /* ViewHelpers */,
				63E30B052C38283300374372 /* BaseVC.swift */,
				63E30B062C38283300374372 /* CardView.swift */,
				63E30B072C38283300374372 /* FrameView.swift */,
				63E30B082C38283300374372 /* LoadingVC.swift */,
				63E30B092C38283300374372 /* VideoCreator.swift */,
			);
			path = Utils;
			sourceTree = "<group>";
		};
		63FC70392C201BF600F9B3A0 /* Test */ = {
			isa = PBXGroup;
			children = (
				636510C22C2D21F300B2A2E9 /* VideoFrameDividerScene */,
				633EB11E2C22C07F006F89E7 /* PreviewScene */,
				63DB9D452C21D8B20047DED0 /* PhotoSelectorScene */,
				63FC703A2C201C2300F9B3A0 /* TestViewController.swift */,
				63FC70402C201DD200F9B3A0 /* TestVideoView.swift */,
			);
			path = Test;
			sourceTree = "<group>";
		};
		63FC703F2C201D8600F9B3A0 /* Services */ = {
			isa = PBXGroup;
			children = (
				63FC70422C201F1E00F9B3A0 /* LPtoAVService.swift */,
				63DB9D4F2C21ED9A0047DED0 /* PHAssetExtensions.swift */,
				63FC26202C357B74007C6703 /* ExtractService.swift */,
				63B68F7A2C35932A0047D610 /* FrameService.swift */,
			);
			path = Services;
			sourceTree = "<group>";
		};
/* End PBXGroup section */

/* Begin PBXNativeTarget section */
		08DBE65C2C1C23B1000593D5 /* LiveFourCut */ = {
			isa = PBXNativeTarget;
			buildConfigurationList = 08DBE6872C1C23B3000593D5 /* Build configuration list for PBXNativeTarget "LiveFourCut" */;
			buildPhases = (
				08DBE6592C1C23B1000593D5 /* Sources */,
				08DBE65A2C1C23B1000593D5 /* Frameworks */,
				08DBE65B2C1C23B1000593D5 /* Resources */,
				084EC5BF2C24968B00BA9FC3 /* Embed Frameworks */,
			);
			buildRules = (
			);
			dependencies = (
			);
			name = LiveFourCut;
			packageProductDependencies = (
			);
			productName = LiveFourCut;
			productReference = 08DBE65D2C1C23B1000593D5 /* LiveFourCut.app */;
			productType = "com.apple.product-type.application";
		};
		08DBE6722C1C23B3000593D5 /* LiveFourCutTests */ = {
			isa = PBXNativeTarget;
			buildConfigurationList = 08DBE68A2C1C23B3000593D5 /* Build configuration list for PBXNativeTarget "LiveFourCutTests" */;
			buildPhases = (
				08DBE66F2C1C23B3000593D5 /* Sources */,
				08DBE6702C1C23B3000593D5 /* Frameworks */,
				08DBE6712C1C23B3000593D5 /* Resources */,
			);
			buildRules = (
			);
			dependencies = (
				08DBE6752C1C23B3000593D5 /* PBXTargetDependency */,
			);
			name = LiveFourCutTests;
			productName = LiveFourCutTests;
			productReference = 08DBE6732C1C23B3000593D5 /* LiveFourCutTests.xctest */;
			productType = "com.apple.product-type.bundle.unit-test";
		};
		08DBE67C2C1C23B3000593D5 /* LiveFourCutUITests */ = {
			isa = PBXNativeTarget;
			buildConfigurationList = 08DBE68D2C1C23B3000593D5 /* Build configuration list for PBXNativeTarget "LiveFourCutUITests" */;
			buildPhases = (
				08DBE6792C1C23B3000593D5 /* Sources */,
				08DBE67A2C1C23B3000593D5 /* Frameworks */,
				08DBE67B2C1C23B3000593D5 /* Resources */,
			);
			buildRules = (
			);
			dependencies = (
				08DBE67F2C1C23B3000593D5 /* PBXTargetDependency */,
			);
			name = LiveFourCutUITests;
			productName = LiveFourCutUITests;
			productReference = 08DBE67D2C1C23B3000593D5 /* LiveFourCutUITests.xctest */;
			productType = "com.apple.product-type.bundle.ui-testing";
		};
/* End PBXNativeTarget section */

/* Begin PBXProject section */
		08DBE6552C1C23B1000593D5 /* Project object */ = {
			isa = PBXProject;
			attributes = {
				BuildIndependentTargetsInParallel = 1;
				LastSwiftUpdateCheck = 1540;
				LastUpgradeCheck = 1540;
				TargetAttributes = {
					08DBE65C2C1C23B1000593D5 = {
						CreatedOnToolsVersion = 15.4;
					};
					08DBE6722C1C23B3000593D5 = {
						CreatedOnToolsVersion = 15.4;
						TestTargetID = 08DBE65C2C1C23B1000593D5;
					};
					08DBE67C2C1C23B3000593D5 = {
						CreatedOnToolsVersion = 15.4;
						TestTargetID = 08DBE65C2C1C23B1000593D5;
					};
				};
			};
			buildConfigurationList = 08DBE6582C1C23B1000593D5 /* Build configuration list for PBXProject "LiveFourCut" */;
			compatibilityVersion = "Xcode 14.0";
			developmentRegion = en;
			hasScannedForEncodings = 0;
			knownRegions = (
				en,
				Base,
			);
			mainGroup = 08DBE6542C1C23B1000593D5;
			packageReferences = (
				087A33F02C21B9A100A7071C /* XCRemoteSwiftPackageReference "SnapKit" */,
			);
			productRefGroup = 08DBE65E2C1C23B1000593D5 /* Products */;
			projectDirPath = "";
			projectRoot = "";
			targets = (
				08DBE65C2C1C23B1000593D5 /* LiveFourCut */,
				08DBE6722C1C23B3000593D5 /* LiveFourCutTests */,
				08DBE67C2C1C23B3000593D5 /* LiveFourCutUITests */,
			);
		};
/* End PBXProject section */

/* Begin PBXResourcesBuildPhase section */
		08DBE65B2C1C23B1000593D5 /* Resources */ = {
			isa = PBXResourcesBuildPhase;
			buildActionMask = 2147483647;
			files = (
				08DBE66A2C1C23B2000593D5 /* Assets.xcassets in Resources */,
				08DBE66D2C1C23B2000593D5 /* Base in Resources */,
			);
			runOnlyForDeploymentPostprocessing = 0;
		};
		08DBE6712C1C23B3000593D5 /* Resources */ = {
			isa = PBXResourcesBuildPhase;
			buildActionMask = 2147483647;
			files = (
			);
			runOnlyForDeploymentPostprocessing = 0;
		};
		08DBE67B2C1C23B3000593D5 /* Resources */ = {
			isa = PBXResourcesBuildPhase;
			buildActionMask = 2147483647;
			files = (
			);
			runOnlyForDeploymentPostprocessing = 0;
		};
/* End PBXResourcesBuildPhase section */

/* Begin PBXSourcesBuildPhase section */
		08DBE6592C1C23B1000593D5 /* Sources */ = {
			isa = PBXSourcesBuildPhase;
			buildActionMask = 2147483647;
			files = (
				63DB9D502C21ED9A0047DED0 /* PHAssetExtensions.swift in Sources */,
				08DBE6652C1C23B1000593D5 /* FrameSelectionViewController.swift in Sources */,
				636510C42C2D229F00B2A2E9 /* VideoFrameDividerScene.swift in Sources */,
				63E30B0D2C38283300374372 /* DoneBtn.swift in Sources */,
				63E30B0E2C38283300374372 /* NavigationBackButton.swift in Sources */,
				63B869F32C22690800577592 /* Test>ThumbnailSelectorView.swift in Sources */,
				08C1379D2C2181260010AD75 /* UIColor+.swift in Sources */,
				63E30B0C2C38283300374372 /* VideoExecutor.swift in Sources */,
				63DB9D442C21D8740047DED0 /* Test>PhotoSelectorVC.swift in Sources */,
				086438162C21FB63007A428E /* SharingViewController.swift in Sources */,
				638F14DD2C23DAD900CD3F2E /* ThumbnailFourFrameView.swift in Sources */,
				63C9F9102C3598DB00451694 /* ThumbnailSelectorView.swift in Sources */,
				63E30B132C38283300374372 /* VideoCreator.swift in Sources */,
				084EC5C62C24AC9900BA9FC3 /* UIView.swift in Sources */,
				084EC5C22C249E4300BA9FC3 /* ExtractionViewController.swift in Sources */,
				63FC26212C357B74007C6703 /* ExtractService.swift in Sources */,
				63077A072C245C6900C4017A /* PreFourFrameView.swift in Sources */,
				630779FC2C24530A00C4017A /* UINavigationController+.swift in Sources */,
				633EB11D2C22BDE7006F89E7 /* Test>SelectDoneBtn.swift in Sources */,
				63077A052C245BD100C4017A /* FourCutPreViewController.swift in Sources */,
				6345EE292C21271E0076CE33 /* AsyncSequence.swift in Sources */,
				08DBE6612C1C23B1000593D5 /* AppDelegate.swift in Sources */,
				63DB9D4C2C21ECCB0047DED0 /* Test>FrameSelectorVC.swift in Sources */,
				63E30B102C38283300374372 /* CardView.swift in Sources */,
				63FC703B2C201C2300F9B3A0 /* TestViewController.swift in Sources */,
				63FC70432C201F1E00F9B3A0 /* LPtoAVService.swift in Sources */,
				638F14E12C23DC1C00CD3F2E /* SelectDoneButton.swift in Sources */,
				63077A0E2C247D2200C4017A /* PreCardView.swift in Sources */,
				63E30B0B2C38283300374372 /* ThumbnailExecutor.swift in Sources */,
				630779FF2C2453CF00C4017A /* AVAssetContainer.swift in Sources */,
				633EB1242C22F091006F89E7 /* Test>BottomProgress.swift in Sources */,
				633EB1192C22B886006F89E7 /* ThumbnailSelectorVM.swift in Sources */,
				08DBE6632C1C23B1000593D5 /* SceneDelegate.swift in Sources */,
				63DB9D482C21D8E50047DED0 /* Test>ThumbnailFourFrameView.swift in Sources */,
				63FC70412C201DD200F9B3A0 /* TestVideoView.swift in Sources */,
				630779FA2C24516B00C4017A /* PhotoSelectionViewModel.swift in Sources */,
				633EB11B2C22B8D7006F89E7 /* ImageContainer.swift in Sources */,
				638F14E52C23DCE800CD3F2E /* ReselectButton.swift in Sources */,
				63E30B122C38283300374372 /* LoadingVC.swift in Sources */,
				63E30B0F2C38283300374372 /* BaseVC.swift in Sources */,
				638F14D92C23DA7900CD3F2E /* PhotoSelectionViewController.swift in Sources */,
				63B68F7B2C35932A0047D610 /* FrameService.swift in Sources */,
				633EB1222C22C3DD006F89E7 /* Test>FrameCardView.swift in Sources */,
				63E30B112C38283300374372 /* FrameView.swift in Sources */,
				633EB1202C22C087006F89E7 /* PreviewVC.swift in Sources */,
			);
			runOnlyForDeploymentPostprocessing = 0;
		};
		08DBE66F2C1C23B3000593D5 /* Sources */ = {
			isa = PBXSourcesBuildPhase;
			buildActionMask = 2147483647;
			files = (
				08DBE6782C1C23B3000593D5 /* LiveFourCutTests.swift in Sources */,
			);
			runOnlyForDeploymentPostprocessing = 0;
		};
		08DBE6792C1C23B3000593D5 /* Sources */ = {
			isa = PBXSourcesBuildPhase;
			buildActionMask = 2147483647;
			files = (
				08DBE6822C1C23B3000593D5 /* LiveFourCutUITests.swift in Sources */,
				08DBE6842C1C23B3000593D5 /* LiveFourCutUITestsLaunchTests.swift in Sources */,
			);
			runOnlyForDeploymentPostprocessing = 0;
		};
/* End PBXSourcesBuildPhase section */

/* Begin PBXTargetDependency section */
		08DBE6752C1C23B3000593D5 /* PBXTargetDependency */ = {
			isa = PBXTargetDependency;
			target = 08DBE65C2C1C23B1000593D5 /* LiveFourCut */;
			targetProxy = 08DBE6742C1C23B3000593D5 /* PBXContainerItemProxy */;
		};
		08DBE67F2C1C23B3000593D5 /* PBXTargetDependency */ = {
			isa = PBXTargetDependency;
			target = 08DBE65C2C1C23B1000593D5 /* LiveFourCut */;
			targetProxy = 08DBE67E2C1C23B3000593D5 /* PBXContainerItemProxy */;
		};
/* End PBXTargetDependency section */

/* Begin PBXVariantGroup section */
		08DBE66B2C1C23B2000593D5 /* LaunchScreen.storyboard */ = {
			isa = PBXVariantGroup;
			children = (
				08DBE66C2C1C23B2000593D5 /* Base */,
			);
			name = LaunchScreen.storyboard;
			sourceTree = "<group>";
		};
/* End PBXVariantGroup section */

/* Begin XCBuildConfiguration section */
		08DBE6852C1C23B3000593D5 /* Debug */ = {
			isa = XCBuildConfiguration;
			buildSettings = {
				ALWAYS_SEARCH_USER_PATHS = NO;
				ASSETCATALOG_COMPILER_GENERATE_SWIFT_ASSET_SYMBOL_EXTENSIONS = YES;
				CLANG_ANALYZER_NONNULL = YES;
				CLANG_ANALYZER_NUMBER_OBJECT_CONVERSION = YES_AGGRESSIVE;
				CLANG_CXX_LANGUAGE_STANDARD = "gnu++20";
				CLANG_ENABLE_MODULES = YES;
				CLANG_ENABLE_OBJC_ARC = YES;
				CLANG_ENABLE_OBJC_WEAK = YES;
				CLANG_WARN_BLOCK_CAPTURE_AUTORELEASING = YES;
				CLANG_WARN_BOOL_CONVERSION = YES;
				CLANG_WARN_COMMA = YES;
				CLANG_WARN_CONSTANT_CONVERSION = YES;
				CLANG_WARN_DEPRECATED_OBJC_IMPLEMENTATIONS = YES;
				CLANG_WARN_DIRECT_OBJC_ISA_USAGE = YES_ERROR;
				CLANG_WARN_DOCUMENTATION_COMMENTS = YES;
				CLANG_WARN_EMPTY_BODY = YES;
				CLANG_WARN_ENUM_CONVERSION = YES;
				CLANG_WARN_INFINITE_RECURSION = YES;
				CLANG_WARN_INT_CONVERSION = YES;
				CLANG_WARN_NON_LITERAL_NULL_CONVERSION = YES;
				CLANG_WARN_OBJC_IMPLICIT_RETAIN_SELF = YES;
				CLANG_WARN_OBJC_LITERAL_CONVERSION = YES;
				CLANG_WARN_OBJC_ROOT_CLASS = YES_ERROR;
				CLANG_WARN_QUOTED_INCLUDE_IN_FRAMEWORK_HEADER = YES;
				CLANG_WARN_RANGE_LOOP_ANALYSIS = YES;
				CLANG_WARN_STRICT_PROTOTYPES = YES;
				CLANG_WARN_SUSPICIOUS_MOVE = YES;
				CLANG_WARN_UNGUARDED_AVAILABILITY = YES_AGGRESSIVE;
				CLANG_WARN_UNREACHABLE_CODE = YES;
				CLANG_WARN__DUPLICATE_METHOD_MATCH = YES;
				COPY_PHASE_STRIP = NO;
				DEBUG_INFORMATION_FORMAT = dwarf;
				ENABLE_STRICT_OBJC_MSGSEND = YES;
				ENABLE_TESTABILITY = YES;
				ENABLE_USER_SCRIPT_SANDBOXING = YES;
				GCC_C_LANGUAGE_STANDARD = gnu17;
				GCC_DYNAMIC_NO_PIC = NO;
				GCC_NO_COMMON_BLOCKS = YES;
				GCC_OPTIMIZATION_LEVEL = 0;
				GCC_PREPROCESSOR_DEFINITIONS = (
					"DEBUG=1",
					"$(inherited)",
				);
				GCC_WARN_64_TO_32_BIT_CONVERSION = YES;
				GCC_WARN_ABOUT_RETURN_TYPE = YES_ERROR;
				GCC_WARN_UNDECLARED_SELECTOR = YES;
				GCC_WARN_UNINITIALIZED_AUTOS = YES_AGGRESSIVE;
				GCC_WARN_UNUSED_FUNCTION = YES;
				GCC_WARN_UNUSED_VARIABLE = YES;
				IPHONEOS_DEPLOYMENT_TARGET = 17.0;
				LOCALIZATION_PREFERS_STRING_CATALOGS = YES;
				MTL_ENABLE_DEBUG_INFO = INCLUDE_SOURCE;
				MTL_FAST_MATH = YES;
				ONLY_ACTIVE_ARCH = YES;
				SDKROOT = iphoneos;
				SWIFT_ACTIVE_COMPILATION_CONDITIONS = "DEBUG $(inherited)";
				SWIFT_OPTIMIZATION_LEVEL = "-Onone";
			};
			name = Debug;
		};
		08DBE6862C1C23B3000593D5 /* Release */ = {
			isa = XCBuildConfiguration;
			buildSettings = {
				ALWAYS_SEARCH_USER_PATHS = NO;
				ASSETCATALOG_COMPILER_GENERATE_SWIFT_ASSET_SYMBOL_EXTENSIONS = YES;
				CLANG_ANALYZER_NONNULL = YES;
				CLANG_ANALYZER_NUMBER_OBJECT_CONVERSION = YES_AGGRESSIVE;
				CLANG_CXX_LANGUAGE_STANDARD = "gnu++20";
				CLANG_ENABLE_MODULES = YES;
				CLANG_ENABLE_OBJC_ARC = YES;
				CLANG_ENABLE_OBJC_WEAK = YES;
				CLANG_WARN_BLOCK_CAPTURE_AUTORELEASING = YES;
				CLANG_WARN_BOOL_CONVERSION = YES;
				CLANG_WARN_COMMA = YES;
				CLANG_WARN_CONSTANT_CONVERSION = YES;
				CLANG_WARN_DEPRECATED_OBJC_IMPLEMENTATIONS = YES;
				CLANG_WARN_DIRECT_OBJC_ISA_USAGE = YES_ERROR;
				CLANG_WARN_DOCUMENTATION_COMMENTS = YES;
				CLANG_WARN_EMPTY_BODY = YES;
				CLANG_WARN_ENUM_CONVERSION = YES;
				CLANG_WARN_INFINITE_RECURSION = YES;
				CLANG_WARN_INT_CONVERSION = YES;
				CLANG_WARN_NON_LITERAL_NULL_CONVERSION = YES;
				CLANG_WARN_OBJC_IMPLICIT_RETAIN_SELF = YES;
				CLANG_WARN_OBJC_LITERAL_CONVERSION = YES;
				CLANG_WARN_OBJC_ROOT_CLASS = YES_ERROR;
				CLANG_WARN_QUOTED_INCLUDE_IN_FRAMEWORK_HEADER = YES;
				CLANG_WARN_RANGE_LOOP_ANALYSIS = YES;
				CLANG_WARN_STRICT_PROTOTYPES = YES;
				CLANG_WARN_SUSPICIOUS_MOVE = YES;
				CLANG_WARN_UNGUARDED_AVAILABILITY = YES_AGGRESSIVE;
				CLANG_WARN_UNREACHABLE_CODE = YES;
				CLANG_WARN__DUPLICATE_METHOD_MATCH = YES;
				COPY_PHASE_STRIP = NO;
				DEBUG_INFORMATION_FORMAT = "dwarf-with-dsym";
				ENABLE_NS_ASSERTIONS = NO;
				ENABLE_STRICT_OBJC_MSGSEND = YES;
				ENABLE_USER_SCRIPT_SANDBOXING = YES;
				GCC_C_LANGUAGE_STANDARD = gnu17;
				GCC_NO_COMMON_BLOCKS = YES;
				GCC_WARN_64_TO_32_BIT_CONVERSION = YES;
				GCC_WARN_ABOUT_RETURN_TYPE = YES_ERROR;
				GCC_WARN_UNDECLARED_SELECTOR = YES;
				GCC_WARN_UNINITIALIZED_AUTOS = YES_AGGRESSIVE;
				GCC_WARN_UNUSED_FUNCTION = YES;
				GCC_WARN_UNUSED_VARIABLE = YES;
				IPHONEOS_DEPLOYMENT_TARGET = 17.0;
				LOCALIZATION_PREFERS_STRING_CATALOGS = YES;
				MTL_ENABLE_DEBUG_INFO = NO;
				MTL_FAST_MATH = YES;
				SDKROOT = iphoneos;
				SWIFT_COMPILATION_MODE = wholemodule;
				VALIDATE_PRODUCT = YES;
			};
			name = Release;
		};
		08DBE6882C1C23B3000593D5 /* Debug */ = {
			isa = XCBuildConfiguration;
			buildSettings = {
				ASSETCATALOG_COMPILER_APPICON_NAME = AppIcon;
				ASSETCATALOG_COMPILER_GLOBAL_ACCENT_COLOR_NAME = AccentColor;
				CODE_SIGN_STYLE = Automatic;
				CURRENT_PROJECT_VERSION = 1;
				DEVELOPMENT_TEAM = 3W9F68ZTUJ;
				GENERATE_INFOPLIST_FILE = YES;
				INFOPLIST_FILE = LiveFourCut/Info.plist;
				INFOPLIST_KEY_NSPhotoLibraryAddUsageDescription = "사진 추가 좀";
				INFOPLIST_KEY_NSPhotoLibraryUsageDescription = "사진 좀";
				INFOPLIST_KEY_UIApplicationSupportsIndirectInputEvents = YES;
				INFOPLIST_KEY_UILaunchStoryboardName = LaunchScreen;
				INFOPLIST_KEY_UIStatusBarStyle = UIStatusBarStyleDarkContent;
				INFOPLIST_KEY_UISupportedInterfaceOrientations_iPad = "UIInterfaceOrientationPortrait UIInterfaceOrientationPortraitUpsideDown UIInterfaceOrientationLandscapeLeft UIInterfaceOrientationLandscapeRight";
				INFOPLIST_KEY_UISupportedInterfaceOrientations_iPhone = "UIInterfaceOrientationPortrait UIInterfaceOrientationLandscapeLeft UIInterfaceOrientationLandscapeRight";
				IPHONEOS_DEPLOYMENT_TARGET = 16.0;
				LD_RUNPATH_SEARCH_PATHS = (
					"$(inherited)",
					"@executable_path/Frameworks",
				);
				MARKETING_VERSION = 0.1.0;
				PRODUCT_BUNDLE_IDENTIFIER = com.avlab.LiveFourCut;
				PRODUCT_NAME = "$(TARGET_NAME)";
				SUPPORTED_PLATFORMS = "iphoneos iphonesimulator";
				SUPPORTS_MACCATALYST = NO;
				SUPPORTS_MAC_DESIGNED_FOR_IPHONE_IPAD = NO;
				SUPPORTS_XR_DESIGNED_FOR_IPHONE_IPAD = NO;
				SWIFT_EMIT_LOC_STRINGS = YES;
				SWIFT_VERSION = 5.0;
				TARGETED_DEVICE_FAMILY = 1;
			};
			name = Debug;
		};
		08DBE6892C1C23B3000593D5 /* Release */ = {
			isa = XCBuildConfiguration;
			buildSettings = {
				ASSETCATALOG_COMPILER_APPICON_NAME = AppIcon;
				ASSETCATALOG_COMPILER_GLOBAL_ACCENT_COLOR_NAME = AccentColor;
				CODE_SIGN_STYLE = Automatic;
				CURRENT_PROJECT_VERSION = 1;
				DEVELOPMENT_TEAM = 3W9F68ZTUJ;
				GENERATE_INFOPLIST_FILE = YES;
				INFOPLIST_FILE = LiveFourCut/Info.plist;
				INFOPLIST_KEY_NSPhotoLibraryAddUsageDescription = "사진 추가 좀";
				INFOPLIST_KEY_NSPhotoLibraryUsageDescription = "사진 좀";
				INFOPLIST_KEY_UIApplicationSupportsIndirectInputEvents = YES;
				INFOPLIST_KEY_UILaunchStoryboardName = LaunchScreen;
				INFOPLIST_KEY_UIStatusBarStyle = UIStatusBarStyleDarkContent;
				INFOPLIST_KEY_UISupportedInterfaceOrientations_iPad = "UIInterfaceOrientationPortrait UIInterfaceOrientationPortraitUpsideDown UIInterfaceOrientationLandscapeLeft UIInterfaceOrientationLandscapeRight";
				INFOPLIST_KEY_UISupportedInterfaceOrientations_iPhone = "UIInterfaceOrientationPortrait UIInterfaceOrientationLandscapeLeft UIInterfaceOrientationLandscapeRight";
				IPHONEOS_DEPLOYMENT_TARGET = 16.0;
				LD_RUNPATH_SEARCH_PATHS = (
					"$(inherited)",
					"@executable_path/Frameworks",
				);
				MARKETING_VERSION = 0.1.0;
				PRODUCT_BUNDLE_IDENTIFIER = com.avlab.LiveFourCut;
				PRODUCT_NAME = "$(TARGET_NAME)";
				SUPPORTED_PLATFORMS = "iphoneos iphonesimulator";
				SUPPORTS_MACCATALYST = NO;
				SUPPORTS_MAC_DESIGNED_FOR_IPHONE_IPAD = NO;
				SUPPORTS_XR_DESIGNED_FOR_IPHONE_IPAD = NO;
				SWIFT_EMIT_LOC_STRINGS = YES;
				SWIFT_VERSION = 5.0;
				TARGETED_DEVICE_FAMILY = 1;
			};
			name = Release;
		};
		08DBE68B2C1C23B3000593D5 /* Debug */ = {
			isa = XCBuildConfiguration;
			buildSettings = {
				ALWAYS_EMBED_SWIFT_STANDARD_LIBRARIES = YES;
				BUNDLE_LOADER = "$(TEST_HOST)";
				CODE_SIGN_STYLE = Automatic;
				CURRENT_PROJECT_VERSION = 1;
				DEVELOPMENT_TEAM = 2Q4V2LFG28;
				GENERATE_INFOPLIST_FILE = YES;
				IPHONEOS_DEPLOYMENT_TARGET = 17.5;
				MARKETING_VERSION = 1.0;
				PRODUCT_BUNDLE_IDENTIFIER = com.xerath.LiveFourCutTests;
				PRODUCT_NAME = "$(TARGET_NAME)";
				SWIFT_EMIT_LOC_STRINGS = NO;
				SWIFT_VERSION = 5.0;
				TARGETED_DEVICE_FAMILY = "1,2";
				TEST_HOST = "$(BUILT_PRODUCTS_DIR)/LiveFourCut.app/$(BUNDLE_EXECUTABLE_FOLDER_PATH)/LiveFourCut";
			};
			name = Debug;
		};
		08DBE68C2C1C23B3000593D5 /* Release */ = {
			isa = XCBuildConfiguration;
			buildSettings = {
				ALWAYS_EMBED_SWIFT_STANDARD_LIBRARIES = YES;
				BUNDLE_LOADER = "$(TEST_HOST)";
				CODE_SIGN_STYLE = Automatic;
				CURRENT_PROJECT_VERSION = 1;
				DEVELOPMENT_TEAM = 2Q4V2LFG28;
				GENERATE_INFOPLIST_FILE = YES;
				IPHONEOS_DEPLOYMENT_TARGET = 17.5;
				MARKETING_VERSION = 1.0;
				PRODUCT_BUNDLE_IDENTIFIER = com.xerath.LiveFourCutTests;
				PRODUCT_NAME = "$(TARGET_NAME)";
				SWIFT_EMIT_LOC_STRINGS = NO;
				SWIFT_VERSION = 5.0;
				TARGETED_DEVICE_FAMILY = "1,2";
				TEST_HOST = "$(BUILT_PRODUCTS_DIR)/LiveFourCut.app/$(BUNDLE_EXECUTABLE_FOLDER_PATH)/LiveFourCut";
			};
			name = Release;
		};
		08DBE68E2C1C23B3000593D5 /* Debug */ = {
			isa = XCBuildConfiguration;
			buildSettings = {
				ALWAYS_EMBED_SWIFT_STANDARD_LIBRARIES = YES;
				CODE_SIGN_STYLE = Automatic;
				CURRENT_PROJECT_VERSION = 1;
				DEVELOPMENT_TEAM = 2Q4V2LFG28;
				GENERATE_INFOPLIST_FILE = YES;
				MARKETING_VERSION = 1.0;
				PRODUCT_BUNDLE_IDENTIFIER = com.xerath.LiveFourCutUITests;
				PRODUCT_NAME = "$(TARGET_NAME)";
				SWIFT_EMIT_LOC_STRINGS = NO;
				SWIFT_VERSION = 5.0;
				TARGETED_DEVICE_FAMILY = "1,2";
				TEST_TARGET_NAME = LiveFourCut;
			};
			name = Debug;
		};
		08DBE68F2C1C23B3000593D5 /* Release */ = {
			isa = XCBuildConfiguration;
			buildSettings = {
				ALWAYS_EMBED_SWIFT_STANDARD_LIBRARIES = YES;
				CODE_SIGN_STYLE = Automatic;
				CURRENT_PROJECT_VERSION = 1;
				DEVELOPMENT_TEAM = 2Q4V2LFG28;
				GENERATE_INFOPLIST_FILE = YES;
				MARKETING_VERSION = 1.0;
				PRODUCT_BUNDLE_IDENTIFIER = com.xerath.LiveFourCutUITests;
				PRODUCT_NAME = "$(TARGET_NAME)";
				SWIFT_EMIT_LOC_STRINGS = NO;
				SWIFT_VERSION = 5.0;
				TARGETED_DEVICE_FAMILY = "1,2";
				TEST_TARGET_NAME = LiveFourCut;
			};
			name = Release;
		};
/* End XCBuildConfiguration section */

/* Begin XCConfigurationList section */
		08DBE6582C1C23B1000593D5 /* Build configuration list for PBXProject "LiveFourCut" */ = {
			isa = XCConfigurationList;
			buildConfigurations = (
				08DBE6852C1C23B3000593D5 /* Debug */,
				08DBE6862C1C23B3000593D5 /* Release */,
			);
			defaultConfigurationIsVisible = 0;
			defaultConfigurationName = Release;
		};
		08DBE6872C1C23B3000593D5 /* Build configuration list for PBXNativeTarget "LiveFourCut" */ = {
			isa = XCConfigurationList;
			buildConfigurations = (
				08DBE6882C1C23B3000593D5 /* Debug */,
				08DBE6892C1C23B3000593D5 /* Release */,
			);
			defaultConfigurationIsVisible = 0;
			defaultConfigurationName = Release;
		};
		08DBE68A2C1C23B3000593D5 /* Build configuration list for PBXNativeTarget "LiveFourCutTests" */ = {
			isa = XCConfigurationList;
			buildConfigurations = (
				08DBE68B2C1C23B3000593D5 /* Debug */,
				08DBE68C2C1C23B3000593D5 /* Release */,
			);
			defaultConfigurationIsVisible = 0;
			defaultConfigurationName = Release;
		};
		08DBE68D2C1C23B3000593D5 /* Build configuration list for PBXNativeTarget "LiveFourCutUITests" */ = {
			isa = XCConfigurationList;
			buildConfigurations = (
				08DBE68E2C1C23B3000593D5 /* Debug */,
				08DBE68F2C1C23B3000593D5 /* Release */,
			);
			defaultConfigurationIsVisible = 0;
			defaultConfigurationName = Release;
		};
/* End XCConfigurationList section */

/* Begin XCRemoteSwiftPackageReference section */
		087A33F02C21B9A100A7071C /* XCRemoteSwiftPackageReference "SnapKit" */ = {
			isa = XCRemoteSwiftPackageReference;
			repositoryURL = "https://github.com/SnapKit/SnapKit.git";
			requirement = {
				kind = upToNextMajorVersion;
				minimumVersion = 5.7.1;
			};
		};
		08C137932C2122860010AD75 /* XCRemoteSwiftPackageReference "SnapKit" */ = {
			isa = XCRemoteSwiftPackageReference;
			repositoryURL = "https://github.com/SnapKit/SnapKit.git";
			requirement = {
				kind = upToNextMajorVersion;
				minimumVersion = 5.7.1;
			};
		};
/* End XCRemoteSwiftPackageReference section */

/* Begin XCSwiftPackageProductDependency section */
		08C137942C21229E0010AD75 /* SnapKit */ = {
			isa = XCSwiftPackageProductDependency;
			package = 08C137932C2122860010AD75 /* XCRemoteSwiftPackageReference "SnapKit" */;
			productName = SnapKit;
		};
/* End XCSwiftPackageProductDependency section */
	};
	rootObject = 08DBE6552C1C23B1000593D5 /* Project object */;
}
